{
  "version": 4,
  "terraform_version": "1.15.5",
  "serial": 13,
  "lineage": "5f00542b-bb7e-148f-d9d6-40da271c99a8",
  "outputs": {
    "readme_path": {
      "value": "./output/Ejercicio Terraform/README.md",
      "type": "string"
    }
  },
  "resources": [
    {
      "mode": "managed",
      "type": "local_file",
      "name": "gitignore",
      "provider": "provider[\"registry.terraform.io/hashicorp/local\"]",
      "instances": [
        {
          "schema_version": 0,
          "attributes": {
            "content": ".env\r\nnode_modules/\r\n*.log\r\n",
            "content_base64": null,
            "content_base64sha256": "dG0/ckD7JOnAQH0LnFMWYycLhgdvYv1nms7qBrmIfXM=",
            "content_base64sha512": "eGDM9p7NK/XtjRrgMpE+Cl6ZaJp04GqZumKcu5DCaRGUs4zXAlKboNTiunt5ebLgQsbQhaLRbIGBsTDL/mXG1A==",
            "content_md5": "373830b1eda5955be0ab80cca7218367",
            "content_sha1": "54c11e448dc8f3e6d063f39f58118bdf53fc76e3",
            "content_sha256": "746d3f7240fb24e9c0407d0b9c531663270b86076f62fd679aceea06b9887d73",
            "content_sha512": "7860ccf69ecd2bf5ed8d1ae032913e0a5e99689a74e06a99ba629cbb90c2691194b38cd702529ba0d4e2ba7b7979b2e042c6d085a2d16c8181b130cbfe65c6d4",
            "directory_permission": "0777",
            "file_permission": "0777",
            "filename": "./output/Ejercicio Terraform/.gitignore",
            "id": "54c11e448dc8f3e6d063f39f58118bdf53fc76e3",
            "sensitive_content": null,
            "source": null
          },
          "sensitive_attributes": [
            [
              {
                "type": "get_attr",
                "value": "sensitive_content"
              }
            ]
          ],
          "identity_schema_version": 0
        }
      ]
    },
    {
      "mode": "managed",
      "type": "local_file",
      "name": "index",
      "provider": "provider[\"registry.terraform.io/hashicorp/local\"]",
      "instances": [
        {
          "schema_version": 0,
          "attributes": {
            "content": "# Hola mundo",
            "content_base64": null,
            "content_base64sha256": "YGQXM8G0eb9pGwgw24xmcPBdETurWhPRMaUrigyjO0s=",
            "content_base64sha512": "VtDSAVgeE74GTKL2uSmdKI+sD6y7S0qM6Rn3jGNfQw+XWEMxmGfS35tx2S+jFTb8L3MyoyQi7pLLv+y85lnPrw==",
            "content_md5": "1cd4119d6eefe872909614b7d05b321c",
            "content_sha1": "2f72d4dc39a4b31430dd1ca87c2480ae99c0aaec",
            "content_sha256": "60641733c1b479bf691b0830db8c6670f05d113bab5a13d131a52b8a0ca33b4b",
            "content_sha512": "56d0d201581e13be064ca2f6b9299d288fac0facbb4b4a8ce919f78c635f430f975843319867d2df9b71d92fa31536fc2f7332a32422ee92cbbfecbce659cfaf",
            "directory_permission": "0777",
            "file_permission": "0777",
            "filename": "./output/Ejercicio Terraform/docs/index.md",
            "id": "2f72d4dc39a4b31430dd1ca87c2480ae99c0aaec",
            "sensitive_content": null,
            "source": null
          },
          "sensitive_attributes": [
            [
              {
                "type": "get_attr",
                "value": "sensitive_content"
              }
            ]
          ],
          "identity_schema_version": 0
        }
      ]
    },
    {
      "mode": "managed",
      "type": "local_file",
      "name": "readme",
      "provider": "provider[\"registry.terraform.io/hashicorp/local\"]",
      "instances": [
        {
          "schema_version": 0,
          "attributes": {
            "content": "# Mi primer proyecto Terraform: Ejercicio Terraform\n\nGenerado automáticamente.\n \nCreado por Javierub en el entorno DEV ",
            "content_base64": null,
            "content_base64sha256": "x44DyRkxwV/EQoqFCktJDvmgl2l0bYtXZcjjMj6P82g=",
            "content_base64sha512": "Ausm8So2m95DPYXUGTNsiC9/s5ovbLorvLEr+xbfJXXq1bG8ILM2DO25P7O+STFcP+tnecdcvJ+Fno5BxUcw2A==",
            "content_md5": "603bddef946790af0d80a0df13febfcc",
            "content_sha1": "19d2b7ce84b0cff939c5e36d2ebf11da4076ed98",
            "content_sha256": "c78e03c91931c15fc4428a850a4b490ef9a09769746d8b5765c8e3323e8ff368",
            "content_sha512": "02eb26f12a369bde433d85d419336c882f7fb39a2f6cba2bbcb12bfb16df2575ead5b1bc20b3360cedb93fb3be49315c3feb6779c75cbc9f859e8e41c54730d8",
            "directory_permission": "0777",
            "file_permission": "0777",
            "filename": "./output/Ejercicio Terraform/README.md",
            "id": "19d2b7ce84b0cff939c5e36d2ebf11da4076ed98",
            "sensitive_content": null,
            "source": null
          },
          "sensitive_attributes": [
            [
              {
                "type": "get_attr",
                "value": "sensitive_content"
              }
            ]
          ],
          "identity_schema_version": 0
        }
      ]
    },
    {
      "mode": "managed",
      "type": "local_file",
      "name": "src",
      "provider": "provider[\"registry.terraform.io/hashicorp/local\"]",
      "instances": [
        {
          "schema_version": 0,
          "attributes": {
            "content": "",
            "content_base64": null,
            "content_base64sha256": "47DEQpj8HBSa+/TImW+5JCeuQeRkm5NMpJWZG3hSuFU=",
            "content_base64sha512": "z4PhNX7vuL3xVChQ1m2AB9Yg5AULVxXcg/SpIdNs6c5H0NE8XYXysP+DGNKHfuwvY7kxvUdBeoGlODJ6+SfaPg==",
            "content_md5": "d41d8cd98f00b204e9800998ecf8427e",
            "content_sha1": "da39a3ee5e6b4b0d3255bfef95601890afd80709",
            "content_sha256": "e3b0c44298fc1c149afbf4c8996fb92427ae41e4649b934ca495991b7852b855",
            "content_sha512": "cf83e1357eefb8bdf1542850d66d8007d620e4050b5715dc83f4a921d36ce9ce47d0d13c5d85f2b0ff8318d2877eec2f63b931bd47417a81a538327af927da3e",
            "directory_permission": "0777",
            "file_permission": "0777",
            "filename": "./output/Ejercicio Terraform/src/.keep",
            "id": "da39a3ee5e6b4b0d3255bfef95601890afd80709",
            "sensitive_content": null,
            "source": null
          },
          "sensitive_attributes": [
            [
              {
                "type": "get_attr",
                "value": "sensitive_content"
              }
            ]
          ],
          "identity_schema_version": 0
        }
      ]
    },
    {
      "mode": "managed",
      "type": "local_file",
      "name": "test",
      "provider": "provider[\"registry.terraform.io/hashicorp/local\"]",
      "instances": [
        {
          "schema_version": 0,
          "attributes": {
            "content": "",
            "content_base64": null,
            "content_base64sha256": "47DEQpj8HBSa+/TImW+5JCeuQeRkm5NMpJWZG3hSuFU=",
            "content_base64sha512": "z4PhNX7vuL3xVChQ1m2AB9Yg5AULVxXcg/SpIdNs6c5H0NE8XYXysP+DGNKHfuwvY7kxvUdBeoGlODJ6+SfaPg==",
            "content_md5": "d41d8cd98f00b204e9800998ecf8427e",
            "content_sha1": "da39a3ee5e6b4b0d3255bfef95601890afd80709",
            "content_sha256": "e3b0c44298fc1c149afbf4c8996fb92427ae41e4649b934ca495991b7852b855",
            "content_sha512": "cf83e1357eefb8bdf1542850d66d8007d620e4050b5715dc83f4a921d36ce9ce47d0d13c5d85f2b0ff8318d2877eec2f63b931bd47417a81a538327af927da3e",
            "directory_permission": "0777",
            "file_permission": "0777",
            "filename": "./output/Ejercicio Terraform/test/.keep",
            "id": "da39a3ee5e6b4b0d3255bfef95601890afd80709",
            "sensitive_content": null,
            "source": null
          },
          "sensitive_attributes": [
            [
              {
                "type": "get_attr",
                "value": "sensitive_content"
              }
            ]
          ],
          "identity_schema_version": 0
        }
      ]
    }
  ],
  "check_results": null
}
